lockfileVersion: '6.0'

settings:
  autoInstallPeers: true
  excludeLinksFromLockfile: false

dependencies:
  uWebSockets.js:
    specifier: github:uNetworking/uWebSockets.js#v20.43.0
    version: github.com/uNetworking/uWebSockets.js/1977b5039938ad863d42fc4958d48c17e5a1fa06

packages:

  github.com/uNetworking/uWebSockets.js/1977b5039938ad863d42fc4958d48c17e5a1fa06:
    resolution: {tarball: https://codeload.github.com/uNetworking/uWebSockets.js/tar.gz/1977b5039938ad863d42fc4958d48c17e5a1fa06}
    name: uWebSockets.js
    version: 20.43.0
    dev: false
